
Microsoft Visual Studio Solution File, Format Version 12.00
# Visual Studio Version 17
VisualStudioVersion = 17.5.002.0
MinimumVisualStudioVersion = 10.0.40219.1
Project("{9A19103F-16F7-4668-BE54-9A1E7A4F7556}") = "encotraIdade", "encotraIdade.csproj", "{71235C99-049D-48E3-8D0E-64E3BB6A9D83}"
EndProject
Global
	GlobalSection(SolutionConfigurationPlatforms) = preSolution
		Debug|Any CPU = Debug|Any CPU
		Release|Any CPU = Release|Any CPU
	EndGlobalSection
	GlobalSection(ProjectConfigurationPlatforms) = postSolution
		{71235C99-049D-48E3-8D0E-64E3BB6A9D83}.Debug|Any CPU.ActiveCfg = Debug|Any CPU
		{71235C99-049D-48E3-8D0E-64E3BB6A9D83}.Debug|Any CPU.Build.0 = Debug|Any CPU
		{71235C99-049D-48E3-8D0E-64E3BB6A9D83}.Release|Any CPU.ActiveCfg = Release|Any CPU
		{71235C99-049D-48E3-8D0E-64E3BB6A9D83}.Release|Any CPU.Build.0 = Release|Any CPU
	EndGlobalSection
	GlobalSection(SolutionProperties) = preSolution
		HideSolutionNode = FALSE
	EndGlobalSection
	GlobalSection(ExtensibilityGlobals) = postSolution
		SolutionGuid = {39D9FC9E-112A-4B91-BE0D-133894F11F1C}
	EndGlobalSection
EndGlobal
